
Microsoft Visual Studio Solution File, Format Version 12.00
# Visual Studio Version 17
VisualStudioVersion = 17.2.32505.173
MinimumVisualStudioVersion = 10.0.40219.1
Project("{FAE04EC0-301F-11D3-BF4B-00C04F79EFBC}") = "SuperheroUniverse", "SuperheroUniverse\SuperheroUniverse.csproj", "{3B361735-C7DF-489C-A3C0-4DC560A64C3B}"
EndProject
Global
	GlobalSection(SolutionConfigurationPlatforms) = preSolution
		Debug|Any CPU = Debug|Any CPU
		Release|Any CPU = Release|Any CPU
	EndGlobalSection
	GlobalSection(ProjectConfigurationPlatforms) = postSolution
		{3B361735-C7DF-489C-A3C0-4DC560A64C3B}.Debug|Any CPU.ActiveCfg = Debug|Any CPU
		{3B361735-C7DF-489C-A3C0-4DC560A64C3B}.Debug|Any CPU.Build.0 = Debug|Any CPU
		{3B361735-C7DF-489C-A3C0-4DC560A64C3B}.Release|Any CPU.ActiveCfg = Release|Any CPU
		{3B361735-C7DF-489C-A3C0-4DC560A64C3B}.Release|Any CPU.Build.0 = Release|Any CPU
	EndGlobalSection
	GlobalSection(SolutionProperties) = preSolution
		HideSolutionNode = FALSE
	EndGlobalSection
	GlobalSection(ExtensibilityGlobals) = postSolution
		SolutionGuid = {14FED42E-9139-4403-89BB-9C7025118A76}
	EndGlobalSection
EndGlobal
